# This file is automatically @generated by Cargo.
# It is not intended for manual editing.
version = 3

[[package]]
name = "autocfg"
version = "1.1.0"
source = "registry+https://github.com/rust-lang/crates.io-index"
checksum = "d468802bab17cbc0cc575e9b053f41e72aa36bfa6b7f55e3529ffa43161b97fa"

[[package]]
name = "cross_crate_trait_bounds"
version = "0.1.0"
dependencies = [
 "remote_01",
 "space 0.18.0",
]

[[package]]
name = "doc-comment"
version = "0.3.3"
source = "registry+https://github.com/rust-lang/crates.io-index"
checksum = "fea41bba32d969b513997752735605054bc0dfa92b4c56bf1189f2e174be7a10"

[[package]]
name = "num-traits"
version = "0.2.18"
source = "registry+https://github.com/rust-lang/crates.io-index"
checksum = "da0df0e5185db44f69b44f26786fe401b6c293d1907744beaa7fa62b2e5a517a"
dependencies = [
 "autocfg",
]

[[package]]
name = "remote_01"
version = "0.1.0"
dependencies = [
 "space 0.17.0",
]

[[package]]
name = "space"
version = "0.17.0"
source = "registry+https://github.com/rust-lang/crates.io-index"
checksum = "c5ab9701ae895386d13db622abf411989deff7109b13b46b6173bb4ce5c1d123"
dependencies = [
 "doc-comment",
 "num-traits",
]

[[package]]
name = "space"
version = "0.18.0"
source = "registry+https://github.com/rust-lang/crates.io-index"
checksum = "83919a544070dcfac65f430251bb69e62f1e4ef6f0754fd714a1ac14cfc41a68"
dependencies = [
 "doc-comment",
 "num-traits",
]
